
Microsoft Visual Studio Solution File, Format Version 12.00
# Visual Studio Version 17
VisualStudioVersion = 17.12.35514.174 d17.12
MinimumVisualStudioVersion = 10.0.40219.1
Project("{FAE04EC0-301F-11D3-BF4B-00C04F79EFBC}") = "WPFUITemplate", "WPFUITemplate\WPFUITemplate.csproj", "{BA2F3C66-2DD8-4873-B086-1638DCA9C701}"
EndProject
Global
	GlobalSection(SolutionConfigurationPlatforms) = preSolution
		Debug|Any CPU = Debug|Any CPU
		Release|Any CPU = Release|Any CPU
	EndGlobalSection
	GlobalSection(ProjectConfigurationPlatforms) = postSolution
		{BA2F3C66-2DD8-4873-B086-1638DCA9C701}.Debug|Any CPU.ActiveCfg = Debug|Any CPU
		{BA2F3C66-2DD8-4873-B086-1638DCA9C701}.Debug|Any CPU.Build.0 = Debug|Any CPU
		{BA2F3C66-2DD8-4873-B086-1638DCA9C701}.Release|Any CPU.ActiveCfg = Release|Any CPU
		{BA2F3C66-2DD8-4873-B086-1638DCA9C701}.Release|Any CPU.Build.0 = Release|Any CPU
	EndGlobalSection
	GlobalSection(SolutionProperties) = preSolution
		HideSolutionNode = FALSE
	EndGlobalSection
EndGlobal
